
Microsoft Visual Studio Solution File, Format Version 12.00
# Visual Studio Version 16
VisualStudioVersion = 16.0.30711.63
MinimumVisualStudioVersion = 10.0.40219.1
Project("{FAE04EC0-301F-11D3-BF4B-00C04F79EFBC}") = "BankingApplication", "BankingApplication\BankingApplication.csproj", "{AC7BA5B5-3B6B-4BD5-9D1E-4E32AF553970}"
EndProject
Global
	GlobalSection(SolutionConfigurationPlatforms) = preSolution
		Debug|Any CPU = Debug|Any CPU
		Release|Any CPU = Release|Any CPU
	EndGlobalSection
	GlobalSection(ProjectConfigurationPlatforms) = postSolution
		{AC7BA5B5-3B6B-4BD5-9D1E-4E32AF553970}.Debug|Any CPU.ActiveCfg = Debug|Any CPU
		{AC7BA5B5-3B6B-4BD5-9D1E-4E32AF553970}.Debug|Any CPU.Build.0 = Debug|Any CPU
		{AC7BA5B5-3B6B-4BD5-9D1E-4E32AF553970}.Release|Any CPU.ActiveCfg = Release|Any CPU
		{AC7BA5B5-3B6B-4BD5-9D1E-4E32AF553970}.Release|Any CPU.Build.0 = Release|Any CPU
	EndGlobalSection
	GlobalSection(SolutionProperties) = preSolution
		HideSolutionNode = FALSE
	EndGlobalSection
	GlobalSection(ExtensibilityGlobals) = postSolution
		SolutionGuid = {D8DB9A8D-414E-4804-A1F8-40FB15F2A4C5}
	EndGlobalSection
EndGlobal
